# This file is generated by running "yarn install" inside your project.
# Manual changes might be lost - proceed with caution!

__metadata:
  version: 4
  cacheKey: 7

"load-monitor-socket@workspace:.":
  version: 0.0.0-use.local
  resolution: "load-monitor-socket@workspace:."
  dependencies:
    ws: ^7.4.3
  languageName: unknown
  linkType: soft

"ws@npm:^7.4.3":
  version: 7.4.3
  resolution: "ws@npm:7.4.3"
  peerDependencies:
    bufferutil: ^4.0.1
    utf-8-validate: ^5.0.2
  peerDependenciesMeta:
    bufferutil:
      optional: true
    utf-8-validate:
      optional: true
  checksum: 493655b7c4589d09ff3c2b6e8870b9ad7f7aea0aff34034e2dbb9a2e13f6868a47b06b423bc2365aec6143500b04ad24fdaecfbd9a6752f8eab2d339182c9884
  languageName: node
  linkType: hard
